
Microsoft Visual Studio Solution File, Format Version 12.00
# Visual Studio Version 16
VisualStudioVersion = 16.0.31729.503
MinimumVisualStudioVersion = 10.0.40219.1
Project("{FAE04EC0-301F-11D3-BF4B-00C04F79EFBC}") = "Townbuilder", "Townbuilder\Townbuilder.csproj", "{D6E2EC6D-D377-43DB-AEEC-4C3F84EFDB66}"
EndProject
Global
	GlobalSection(SolutionConfigurationPlatforms) = preSolution
		Debug|Any CPU = Debug|Any CPU
		Release|Any CPU = Release|Any CPU
	EndGlobalSection
	GlobalSection(ProjectConfigurationPlatforms) = postSolution
		{D6E2EC6D-D377-43DB-AEEC-4C3F84EFDB66}.Debug|Any CPU.ActiveCfg = Debug|Any CPU
		{D6E2EC6D-D377-43DB-AEEC-4C3F84EFDB66}.Debug|Any CPU.Build.0 = Debug|Any CPU
		{D6E2EC6D-D377-43DB-AEEC-4C3F84EFDB66}.Release|Any CPU.ActiveCfg = Release|Any CPU
		{D6E2EC6D-D377-43DB-AEEC-4C3F84EFDB66}.Release|Any CPU.Build.0 = Release|Any CPU
	EndGlobalSection
	GlobalSection(SolutionProperties) = preSolution
		HideSolutionNode = FALSE
	EndGlobalSection
	GlobalSection(ExtensibilityGlobals) = postSolution
		SolutionGuid = {B5D3A8A9-AEBC-4F36-8CE6-DFF2F52B595F}
	EndGlobalSection
EndGlobal
